
Microsoft Visual Studio Solution File, Format Version 12.00
# Visual Studio 15
Project("{FAE04EC0-301F-11D3-BF4B-00C04F79EFBC}") = "Assembly-CSharp-firstpass", "Assembly-CSharp-firstpass.csproj", "{01D027FF-60AF-DA28-D4DA-2AC0CAC7DF18}"
EndProject
Project("{FAE04EC0-301F-11D3-BF4B-00C04F79EFBC}") = "Assembly-CSharp", "Assembly-CSharp.csproj", "{80A93210-0F4D-E20D-6BCB-E20834EC73C2}"
EndProject
Global
	GlobalSection(SolutionConfigurationPlatforms) = preSolution
		Debug|Any CPU = Debug|Any CPU
		Release|Any CPU = Release|Any CPU
	EndGlobalSection
	GlobalSection(ProjectConfigurationPlatforms) = postSolution
		{01D027FF-60AF-DA28-D4DA-2AC0CAC7DF18}.Debug|Any CPU.ActiveCfg = Debug|Any CPU
		{01D027FF-60AF-DA28-D4DA-2AC0CAC7DF18}.Debug|Any CPU.Build.0 = Debug|Any CPU
		{01D027FF-60AF-DA28-D4DA-2AC0CAC7DF18}.Release|Any CPU.ActiveCfg = Release|Any CPU
		{01D027FF-60AF-DA28-D4DA-2AC0CAC7DF18}.Release|Any CPU.Build.0 = Release|Any CPU
		{80A93210-0F4D-E20D-6BCB-E20834EC73C2}.Debug|Any CPU.ActiveCfg = Debug|Any CPU
		{80A93210-0F4D-E20D-6BCB-E20834EC73C2}.Debug|Any CPU.Build.0 = Debug|Any CPU
		{80A93210-0F4D-E20D-6BCB-E20834EC73C2}.Release|Any CPU.ActiveCfg = Release|Any CPU
		{80A93210-0F4D-E20D-6BCB-E20834EC73C2}.Release|Any CPU.Build.0 = Release|Any CPU
	EndGlobalSection
	GlobalSection(SolutionProperties) = preSolution
		HideSolutionNode = FALSE
	EndGlobalSection
EndGlobal
